
Microsoft Visual Studio Solution File, Format Version 12.00
# Visual Studio 2012
Project("{FAE04EC0-301F-11D3-BF4B-00C04F79EFBC}") = "Week1Part3", "Week1Part3\Week1Part3.csproj", "{7BAEEF5C-59A5-41C1-A9A6-C4CBC9DE8F2F}"
EndProject
Global
	GlobalSection(SolutionConfigurationPlatforms) = preSolution
		Debug|x86 = Debug|x86
		Release|x86 = Release|x86
	EndGlobalSection
	GlobalSection(ProjectConfigurationPlatforms) = postSolution
		{7BAEEF5C-59A5-41C1-A9A6-C4CBC9DE8F2F}.Debug|x86.ActiveCfg = Debug|x86
		{7BAEEF5C-59A5-41C1-A9A6-C4CBC9DE8F2F}.Debug|x86.Build.0 = Debug|x86
		{7BAEEF5C-59A5-41C1-A9A6-C4CBC9DE8F2F}.Release|x86.ActiveCfg = Release|x86
		{7BAEEF5C-59A5-41C1-A9A6-C4CBC9DE8F2F}.Release|x86.Build.0 = Release|x86
	EndGlobalSection
EndGlobal
